
Microsoft Visual Studio Solution File, Format Version 12.00
# Visual Studio Version 17
VisualStudioVersion = 17.6.33815.320
MinimumVisualStudioVersion = 10.0.40219.1
Project("{9A19103F-16F7-4668-BE54-9A1E7A4F7556}") = "WebApplication1", "WebApplication1\WebApplication1.csproj", "{C4B18917-353D-4DC5-B9BF-F6406A003D21}"
EndProject
Global
	GlobalSection(SolutionConfigurationPlatforms) = preSolution
		Debug|Any CPU = Debug|Any CPU
		Release|Any CPU = Release|Any CPU
	EndGlobalSection
	GlobalSection(ProjectConfigurationPlatforms) = postSolution
		{C4B18917-353D-4DC5-B9BF-F6406A003D21}.Debug|Any CPU.ActiveCfg = Debug|Any CPU
		{C4B18917-353D-4DC5-B9BF-F6406A003D21}.Debug|Any CPU.Build.0 = Debug|Any CPU
		{C4B18917-353D-4DC5-B9BF-F6406A003D21}.Release|Any CPU.ActiveCfg = Release|Any CPU
		{C4B18917-353D-4DC5-B9BF-F6406A003D21}.Release|Any CPU.Build.0 = Release|Any CPU
	EndGlobalSection
	GlobalSection(SolutionProperties) = preSolution
		HideSolutionNode = FALSE
	EndGlobalSection
	GlobalSection(ExtensibilityGlobals) = postSolution
		SolutionGuid = {0EC70883-692B-44C2-904C-1E634C731993}
	EndGlobalSection
EndGlobal
